
Microsoft Visual Studio Solution File, Format Version 12.00
# Visual Studio Version 16
VisualStudioVersion = 16.0.31019.35
MinimumVisualStudioVersion = 10.0.40219.1
Project("{FAE04EC0-301F-11D3-BF4B-00C04F79EFBC}") = "Calendar", "Calendar\Calendar.csproj", "{15F9DA1A-F526-43FE-95CB-A50DC39AB311}"
EndProject
Global
	GlobalSection(SolutionConfigurationPlatforms) = preSolution
		Debug|Any CPU = Debug|Any CPU
		Release|Any CPU = Release|Any CPU
	EndGlobalSection
	GlobalSection(ProjectConfigurationPlatforms) = postSolution
		{15F9DA1A-F526-43FE-95CB-A50DC39AB311}.Debug|Any CPU.ActiveCfg = Debug|Any CPU
		{15F9DA1A-F526-43FE-95CB-A50DC39AB311}.Debug|Any CPU.Build.0 = Debug|Any CPU
		{15F9DA1A-F526-43FE-95CB-A50DC39AB311}.Release|Any CPU.ActiveCfg = Release|Any CPU
		{15F9DA1A-F526-43FE-95CB-A50DC39AB311}.Release|Any CPU.Build.0 = Release|Any CPU
	EndGlobalSection
	GlobalSection(SolutionProperties) = preSolution
		HideSolutionNode = FALSE
	EndGlobalSection
	GlobalSection(ExtensibilityGlobals) = postSolution
		SolutionGuid = {7D402578-F856-490C-8272-2A8E1F7FF0DF}
	EndGlobalSection
EndGlobal
